
Microsoft Visual Studio Solution File, Format Version 12.00
# Visual Studio Version 16
VisualStudioVersion = 16.0.29728.190
MinimumVisualStudioVersion = 10.0.40219.1
Project("{FAE04EC0-301F-11D3-BF4B-00C04F79EFBC}") = "BlockStock.COMMON", "BlockStock.COMMON\BlockStock.COMMON.csproj", "{C7F7F3E9-0A98-4C0A-BA75-E147F94AAE39}"
EndProject
Project("{FAE04EC0-301F-11D3-BF4B-00C04F79EFBC}") = "BlockStock.DAL", "BlockStock.DAL\BlockStock.DAL.csproj", "{73D238A8-B9CE-4D49-BB97-5FB3FE12CE0C}"
EndProject
Global
	GlobalSection(SolutionConfigurationPlatforms) = preSolution
		Debug|Any CPU = Debug|Any CPU
		Release|Any CPU = Release|Any CPU
	EndGlobalSection
	GlobalSection(ProjectConfigurationPlatforms) = postSolution
		{C7F7F3E9-0A98-4C0A-BA75-E147F94AAE39}.Debug|Any CPU.ActiveCfg = Debug|Any CPU
		{C7F7F3E9-0A98-4C0A-BA75-E147F94AAE39}.Debug|Any CPU.Build.0 = Debug|Any CPU
		{C7F7F3E9-0A98-4C0A-BA75-E147F94AAE39}.Release|Any CPU.ActiveCfg = Release|Any CPU
		{C7F7F3E9-0A98-4C0A-BA75-E147F94AAE39}.Release|Any CPU.Build.0 = Release|Any CPU
		{73D238A8-B9CE-4D49-BB97-5FB3FE12CE0C}.Debug|Any CPU.ActiveCfg = Debug|Any CPU
		{73D238A8-B9CE-4D49-BB97-5FB3FE12CE0C}.Debug|Any CPU.Build.0 = Debug|Any CPU
		{73D238A8-B9CE-4D49-BB97-5FB3FE12CE0C}.Release|Any CPU.ActiveCfg = Release|Any CPU
		{73D238A8-B9CE-4D49-BB97-5FB3FE12CE0C}.Release|Any CPU.Build.0 = Release|Any CPU
	EndGlobalSection
	GlobalSection(SolutionProperties) = preSolution
		HideSolutionNode = FALSE
	EndGlobalSection
	GlobalSection(ExtensibilityGlobals) = postSolution
		SolutionGuid = {25FDB62F-2280-4A5D-BF64-A221CF33D1B0}
	EndGlobalSection
EndGlobal
